
Microsoft Visual Studio Solution File, Format Version 12.00
# Visual Studio Version 17
VisualStudioVersion = 17.5.33516.290
MinimumVisualStudioVersion = 10.0.40219.1
Project("{FAE04EC0-301F-11D3-BF4B-00C04F79EFBC}") = "SelfSealingAirlocksRevived", "SelfSealingAirlocksRevived.csproj", "{3219CD2E-5CEC-4891-8F9B-197A92C86B13}"
EndProject
Project("{2150E333-8FDC-42A3-9474-1A3956D46DE8}") = "Solution Items", "Solution Items", "{EBFC2CC5-D811-4DAF-B1F3-B1DD2CF9B6CE}"
	ProjectSection(SolutionItems) = preProject
		.gitignore = .gitignore
		SolutionItems\Assembly-CSharp-firstpass.dll = SolutionItems\Assembly-CSharp-firstpass.dll
		SolutionItems\Assembly-CSharp.dll = SolutionItems\Assembly-CSharp.dll
	EndProjectSection
EndProject
Global
	GlobalSection(SolutionConfigurationPlatforms) = preSolution
		Debug|Any CPU = Debug|Any CPU
		Release|Any CPU = Release|Any CPU
	EndGlobalSection
	GlobalSection(ProjectConfigurationPlatforms) = postSolution
		{3219CD2E-5CEC-4891-8F9B-197A92C86B13}.Debug|Any CPU.ActiveCfg = Debug|Any CPU
		{3219CD2E-5CEC-4891-8F9B-197A92C86B13}.Debug|Any CPU.Build.0 = Debug|Any CPU
		{3219CD2E-5CEC-4891-8F9B-197A92C86B13}.Release|Any CPU.ActiveCfg = Release|Any CPU
		{3219CD2E-5CEC-4891-8F9B-197A92C86B13}.Release|Any CPU.Build.0 = Release|Any CPU
	EndGlobalSection
	GlobalSection(SolutionProperties) = preSolution
		HideSolutionNode = FALSE
	EndGlobalSection
	GlobalSection(ExtensibilityGlobals) = postSolution
		SolutionGuid = {6D8B4310-23D7-491A-9433-3F9AA016F41C}
	EndGlobalSection
EndGlobal
